
Microsoft Visual Studio Solution File, Format Version 12.00
# Visual Studio Version 17
VisualStudioVersion = 17.14.36202.13 d17.14
MinimumVisualStudioVersion = 10.0.40219.1
Project("{FAE04EC0-301F-11D3-BF4B-00C04F79EFBC}") = "TransactionApp", "TransactionApp\TransactionApp.csproj", "{9D6A4209-1AC5-4EA9-BB2D-1FA27F953715}"
EndProject
Global
	GlobalSection(SolutionConfigurationPlatforms) = preSolution
		Debug|Any CPU = Debug|Any CPU
		Release|Any CPU = Release|Any CPU
	EndGlobalSection
	GlobalSection(ProjectConfigurationPlatforms) = postSolution
		{9D6A4209-1AC5-4EA9-BB2D-1FA27F953715}.Debug|Any CPU.ActiveCfg = Debug|Any CPU
		{9D6A4209-1AC5-4EA9-BB2D-1FA27F953715}.Debug|Any CPU.Build.0 = Debug|Any CPU
		{9D6A4209-1AC5-4EA9-BB2D-1FA27F953715}.Release|Any CPU.ActiveCfg = Release|Any CPU
		{9D6A4209-1AC5-4EA9-BB2D-1FA27F953715}.Release|Any CPU.Build.0 = Release|Any CPU
	EndGlobalSection
	GlobalSection(SolutionProperties) = preSolution
		HideSolutionNode = FALSE
	EndGlobalSection
	GlobalSection(ExtensibilityGlobals) = postSolution
		SolutionGuid = {8A161D0B-21F6-4C3B-9ACC-5C0E03793A98}
	EndGlobalSection
EndGlobal
